{
  "name": "bitgolia-blog",
  "lockfileVersion": 3,
  "requires": true,
  "packages": {
    "": {
      "dependencies": {
        "cindex": "github:musoto96/cindex"
      }
    },
    "node_modules/cindex": {
      "name": "@musoto96/cindex",
      "version": "1.1.1",
      "resolved": "git+ssh://git@github.com/musoto96/cindex.git#c2323b08976ba2e6383b63f6d5e7939d863d6ac3",
      "license": "GNU GPLv3",
      "bin": {
        "cindex": "bin/index.js"
      },
      "engines": {
        "node": ">=10.0.0"
      }
    }
  }
}
