{
  "name": "bitgolia-blog",
  "lockfileVersion": 3,
  "requires": true,
  "packages": {
    "": {
      "dependencies": {
        "cindex": "github:musoto96/cindex"
      }
    },
    "node_modules/cindex": {
      "version": "1.0.0",
      "resolved": "git+ssh://git@github.com/musoto96/cindex.git#bf8909f53bd70d36107da624ce0fe46091efdb18",
      "license": "GNU GPLv3",
      "bin": {
        "cindex": "bin/index.js"
      },
      "engines": {
        "node": ">=10.0.0"
      }
    }
  }
}
