{
  "name": "bitgolia-bog",
  "lockfileVersion": 3,
  "requires": true,
  "packages": {
    "": {
      "dependencies": {
        "cindex": "^3.0.3"
      }
    },
    "node_modules/cindex": {
      "version": "3.0.3",
      "resolved": "https://registry.npmjs.org/cindex/-/cindex-3.0.3.tgz",
      "integrity": "sha512-doieakTCpA3a8qULKmtmCYR29Txx1K81rqj5M1RYMfcnLbMQ/V7UPatH9MNO4lXN1mcXFOZOFfsJKy0fpP8Tow==",
      "bin": {
        "cindex": "bin/index.js"
      },
      "engines": {
        "node": ">=10.0.0"
      }
    }
  }
}
